{
  "version": "3",
  "packages": {
    "specifiers": {
      "jsr:@davidbonnet/astring@1.8.6": "jsr:@davidbonnet/astring@1.8.6",
      "jsr:@std/assert@^0.226.0": "jsr:@std/assert@0.226.0",
      "jsr:@std/cli@0.224.7": "jsr:@std/cli@0.224.7",
      "jsr:@std/cli@^0.224.7": "jsr:@std/cli@0.224.7",
      "jsr:@std/collections@^1.0.0-rc.1": "jsr:@std/collections@1.0.3",
      "jsr:@std/collections@^1.0.3": "jsr:@std/collections@1.0.3",
      "jsr:@std/crypto@1.0.0": "jsr:@std/crypto@1.0.0",
      "jsr:@std/encoding@1.0.0": "jsr:@std/encoding@1.0.0",
      "jsr:@std/encoding@1.0.0-rc.2": "jsr:@std/encoding@1.0.0-rc.2",
      "jsr:@std/fmt@0.225.5": "jsr:@std/fmt@0.225.5",
      "jsr:@std/fmt@^0.225.4": "jsr:@std/fmt@0.225.5",
      "jsr:@std/fmt@^0.225.5": "jsr:@std/fmt@0.225.5",
      "jsr:@std/front-matter@0.224.3": "jsr:@std/front-matter@0.224.3",
      "jsr:@std/fs@0.229.3": "jsr:@std/fs@0.229.3",
      "jsr:@std/fs@^1.0.0-rc.3": "jsr:@std/fs@1.0.0-rc.4",
      "jsr:@std/html@0.224.2": "jsr:@std/html@0.224.2",
      "jsr:@std/http@0.224.5": "jsr:@std/http@0.224.5",
      "jsr:@std/io@^0.224.3": "jsr:@std/io@0.224.3",
      "jsr:@std/json@^1.0.0-rc.1": "jsr:@std/json@1.0.0-rc.2",
      "jsr:@std/jsonc@0.224.3": "jsr:@std/jsonc@0.224.3",
      "jsr:@std/log@0.224.4": "jsr:@std/log@0.224.4",
      "jsr:@std/media-types@1.0.1": "jsr:@std/media-types@1.0.1",
      "jsr:@std/media-types@^1.0.0-rc.1": "jsr:@std/media-types@1.0.1",
      "jsr:@std/net@^0.224.3": "jsr:@std/net@0.224.5",
      "jsr:@std/path@0.225.2": "jsr:@std/path@0.225.2",
      "jsr:@std/path@1.0.0-rc.1": "jsr:@std/path@1.0.0-rc.1",
      "jsr:@std/path@1.0.0-rc.2": "jsr:@std/path@1.0.0-rc.2",
      "jsr:@std/streams@^0.224.5": "jsr:@std/streams@0.224.5",
      "jsr:@std/toml@0.224.1": "jsr:@std/toml@0.224.1",
      "jsr:@std/toml@^1.0.0-rc.3": "jsr:@std/toml@1.0.0-rc.4",
      "jsr:@std/yaml@0.224.3": "jsr:@std/yaml@0.224.3",
      "jsr:@std/yaml@^1.0.0-rc.1": "jsr:@std/yaml@1.0.0-rc.2",
      "npm:@js-temporal/polyfill@0.4.4": "npm:@js-temporal/polyfill@0.4.4",
      "npm:@types/estree@1.0.5": "npm:@types/estree@1.0.5",
      "npm:date-fns@3.6.0": "npm:date-fns@3.6.0",
      "npm:estree-walker@3.0.3": "npm:estree-walker@3.0.3",
      "npm:highlight.js@11.9.0": "npm:highlight.js@11.9.0",
      "npm:markdown-it-attrs@4.1.6": "npm:markdown-it-attrs@4.1.6_markdown-it@14.1.0",
      "npm:markdown-it-deflist@3.0.0": "npm:markdown-it-deflist@3.0.0",
      "npm:markdown-it@14.1.0": "npm:markdown-it@14.1.0",
      "npm:meriyah@4.5.0": "npm:meriyah@4.5.0",
      "npm:pagefind@1.1.0": "npm:pagefind@1.1.0",
      "npm:prismjs@1.29.0": "npm:prismjs@1.29.0",
      "npm:sass@1.77.6": "npm:sass@1.77.6"
    },
    "jsr": {
      "@davidbonnet/astring@1.8.6": {
        "integrity": "98b4914c8863cdf8c0ff83bb5c528caa67a8dca6020ad6234113499f00583e3a"
      },
      "@std/assert@0.226.0": {
        "integrity": "0dfb5f7c7723c18cec118e080fec76ce15b4c31154b15ad2bd74822603ef75b3"
      },
      "@std/cli@0.224.7": {
        "integrity": "654ca6477518e5e3a0d3fabafb2789e92b8c0febf1a1d24ba4b567aba94b5977"
      },
      "@std/collections@1.0.3": {
        "integrity": "341ff672a823d3cec5ae200ff1e9dce88a0f980d285490745e082c7d027c4a8b"
      },
      "@std/crypto@1.0.0": {
        "integrity": "9604ee69022cbf59e5a5981a2786ab34324a8e7b8a0b8b0d66ac999f658a233d"
      },
      "@std/encoding@1.0.0": {
        "integrity": "3cabf87b3eadb69126b42998188c87155238ceef805af3f241acca00ddb0cbb2"
      },
      "@std/encoding@1.0.0-rc.2": {
        "integrity": "160d7674a20ebfbccdf610b3801fee91cf6e42d1c106dd46bbaf46e395cd35ef"
      },
      "@std/fmt@0.225.5": {
        "integrity": "38aa42528584873378a521f7842c1a1e99f0235d3f7d3db5ca02795312f439b8"
      },
      "@std/front-matter@0.224.3": {
        "integrity": "983e98b6fc90d614540d2176350e4edf7b6ec067b384c03245e2e795b66de9bb",
        "dependencies": [
          "jsr:@std/toml@^1.0.0-rc.3",
          "jsr:@std/yaml@^1.0.0-rc.1"
        ]
      },
      "@std/fs@0.229.3": {
        "integrity": "783bca21f24da92e04c3893c9e79653227ab016c48e96b3078377ebd5222e6eb",
        "dependencies": [
          "jsr:@std/path@1.0.0-rc.1"
        ]
      },
      "@std/fs@1.0.0-rc.4": {
        "integrity": "7f97a43fcb807dff8580569be938274b42217a1cf2b56c7f6b0436985ab79adc"
      },
      "@std/html@0.224.2": {
        "integrity": "2f7bfd71081fad988af9ce991750ed1574917dc8e6fae0e151987ea020d1e21a"
      },
      "@std/http@0.224.5": {
        "integrity": "b03b5d1529f6c423badfb82f6640f9f2557b4034cd7c30655ba5bb447ff750a4",
        "dependencies": [
          "jsr:@std/cli@^0.224.7",
          "jsr:@std/encoding@1.0.0-rc.2",
          "jsr:@std/fmt@^0.225.4",
          "jsr:@std/media-types@^1.0.0-rc.1",
          "jsr:@std/net@^0.224.3",
          "jsr:@std/path@1.0.0-rc.2",
          "jsr:@std/streams@^0.224.5"
        ]
      },
      "@std/io@0.224.3": {
        "integrity": "b402edeb99c6b3778d9ae3e9927bc9085b170b41e5a09bbb7064ab2ee394ae2f"
      },
      "@std/json@1.0.0-rc.2": {
        "integrity": "f48870c4471e5ff3157ca4c51bf9a71351c2bac2ba2e1615321254b4d081e84a"
      },
      "@std/jsonc@0.224.3": {
        "integrity": "c10770a31489f5b85a3562d9b107c497666d8b6a49291ee2711d84da2616c2d6",
        "dependencies": [
          "jsr:@std/json@^1.0.0-rc.1"
        ]
      },
      "@std/log@0.224.4": {
        "integrity": "de16c39f77e83f170a8f02547c832917737be4a715c434dd010258f9c22c0cf5",
        "dependencies": [
          "jsr:@std/fmt@^0.225.5",
          "jsr:@std/fs@^1.0.0-rc.3",
          "jsr:@std/io@^0.224.3"
        ]
      },
      "@std/media-types@1.0.1": {
        "integrity": "f2ddc3497be0bd87ac0c9b9b26bb454f76bdc45e1b9a12146af47fab3ba2828c"
      },
      "@std/net@0.224.5": {
        "integrity": "9c2ae90a5c3dc7771da5ae5e13b6f7d5d0b316c1954c5d53f2bfc1129fb757ff"
      },
      "@std/path@0.225.2": {
        "integrity": "0f2db41d36b50ef048dcb0399aac720a5348638dd3cb5bf80685bf2a745aa506",
        "dependencies": [
          "jsr:@std/assert@^0.226.0"
        ]
      },
      "@std/path@1.0.0-rc.1": {
        "integrity": "b8c00ae2f19106a6bb7cbf1ab9be52aa70de1605daeb2dbdc4f87a7cbaf10ff6"
      },
      "@std/path@1.0.0-rc.2": {
        "integrity": "39f20d37a44d1867abac8d91c169359ea6e942237a45a99ee1e091b32b921c7d"
      },
      "@std/streams@0.224.5": {
        "integrity": "bcde7818dd5460d474cdbd674b15f6638b9cd73cd64e52bd852fba2bd4d8ec91"
      },
      "@std/toml@0.224.1": {
        "integrity": "c364b9ca3b18207223c4e2a1f652ef2970ff80967f7575ddf89b6b0565a17148",
        "dependencies": [
          "jsr:@std/collections@^1.0.0-rc.1"
        ]
      },
      "@std/toml@1.0.0-rc.4": {
        "integrity": "a3450b15c115618286ff2d85e095618a51bd2e6968452aa59d43a77c55217b8c",
        "dependencies": [
          "jsr:@std/collections@^1.0.3"
        ]
      },
      "@std/yaml@0.224.3": {
        "integrity": "9da1ed0094f42ba24570b4d88a094b44a793ac7f2bc085c1939d3ac7e11cc0bb"
      },
      "@std/yaml@1.0.0-rc.2": {
        "integrity": "fd8f3970a0ffb22af720c519325f0b674d5e075e513ef4a4133419d42d33870c"
      }
    },
    "npm": {
      "@js-temporal/polyfill@0.4.4": {
        "integrity": "sha512-2X6bvghJ/JAoZO52lbgyAPFj8uCflhTo2g7nkFzEQdXd/D8rEeD4HtmTEpmtGCva260fcd66YNXBOYdnmHqSOg==",
        "dependencies": {
          "jsbi": "jsbi@4.3.0",
          "tslib": "tslib@2.6.2"
        }
      },
      "@pagefind/darwin-arm64@1.1.0": {
        "integrity": "sha512-SLsXNLtSilGZjvqis8sX42fBWsWAVkcDh1oerxwqbac84HbiwxpxOC2jm8hRwcR0Z55HPZPWO77XeRix/8GwTg==",
        "dependencies": {}
      },
      "@pagefind/darwin-x64@1.1.0": {
        "integrity": "sha512-QjQSE/L5oS1C8N8GdljGaWtjCBMgMtfrPAoiCmINTu9Y9dp0ggAyXvF8K7Qg3VyIMYJ6v8vg2PN7Z3b+AaAqUA==",
        "dependencies": {}
      },
      "@pagefind/linux-arm64@1.1.0": {
        "integrity": "sha512-8zjYCa2BtNEL7KnXtysPtBELCyv5DSQ4yHeK/nsEq6w4ToAMTBl0K06khqxdSGgjMSwwrxvLzq3so0LC5Q14dA==",
        "dependencies": {}
      },
      "@pagefind/linux-x64@1.1.0": {
        "integrity": "sha512-4lsg6VB7A6PWTwaP8oSmXV4O9H0IHX7AlwTDcfyT+YJo/sPXOVjqycD5cdBgqNLfUk8B9bkWcTDCRmJbHrKeCw==",
        "dependencies": {}
      },
      "@pagefind/windows-x64@1.1.0": {
        "integrity": "sha512-OboCM76BcMKT9IoSfZuFhiqMRgTde8x4qDDvKulFmycgiJrlL5WnIqBHJLQxZq+o2KyZpoHF97iwsGAm8c32sQ==",
        "dependencies": {}
      },
      "@types/estree@1.0.5": {
        "integrity": "sha512-/kYRxGDLWzHOB7q+wtSUQlFrtcdUccpfy+X+9iMBpHK8QLLhx2wIPYuS5DYtR9Wa/YlZAbIovy7qVdB1Aq6Lyw==",
        "dependencies": {}
      },
      "anymatch@3.1.3": {
        "integrity": "sha512-KMReFUr0B4t+D+OBkjR3KYqvocp2XaSzO55UcB6mgQMd3KbcE+mWTyvVV7D/zsdEbNnV6acZUutkiHQXvTr1Rw==",
        "dependencies": {
          "normalize-path": "normalize-path@3.0.0",
          "picomatch": "picomatch@2.3.1"
        }
      },
      "argparse@2.0.1": {
        "integrity": "sha512-8+9WqebbFzpX9OR+Wa6O29asIogeRMzcGtAINdpMHHyAg10f05aSFVBbcEqGf/PXw1EjAZ+q2/bEBg3DvurK3Q==",
        "dependencies": {}
      },
      "binary-extensions@2.3.0": {
        "integrity": "sha512-Ceh+7ox5qe7LJuLHoY0feh3pHuUDHAcRUeyL2VYghZwfpkNIy/+8Ocg0a3UuSoYzavmylwuLWQOf3hl0jjMMIw==",
        "dependencies": {}
      },
      "braces@3.0.3": {
        "integrity": "sha512-yQbXgO/OSZVD2IsiLlro+7Hf6Q18EJrKSEsdoMzKePKXct3gvD8oLcOQdIzGupr5Fj+EDe8gO/lxc1BzfMpxvA==",
        "dependencies": {
          "fill-range": "fill-range@7.1.1"
        }
      },
      "chokidar@3.6.0": {
        "integrity": "sha512-7VT13fmjotKpGipCW9JEQAusEPE+Ei8nl6/g4FBAmIm0GOOLMua9NDDo/DWp0ZAxCr3cPq5ZpBqmPAQgDda2Pw==",
        "dependencies": {
          "anymatch": "anymatch@3.1.3",
          "braces": "braces@3.0.3",
          "fsevents": "fsevents@2.3.3",
          "glob-parent": "glob-parent@5.1.2",
          "is-binary-path": "is-binary-path@2.1.0",
          "is-glob": "is-glob@4.0.3",
          "normalize-path": "normalize-path@3.0.0",
          "readdirp": "readdirp@3.6.0"
        }
      },
      "date-fns@3.6.0": {
        "integrity": "sha512-fRHTG8g/Gif+kSh50gaGEdToemgfj74aRX3swtiouboip5JDLAyDE9F11nHMIcvOaXeOC6D7SpNhi7uFyB7Uww==",
        "dependencies": {}
      },
      "entities@4.5.0": {
        "integrity": "sha512-V0hjH4dGPh9Ao5p0MoRY6BVqtwCjhz6vI5LT8AJ55H+4g9/4vbHx1I54fS0XuclLhDHArPQCiMjDxjaL8fPxhw==",
        "dependencies": {}
      },
      "estree-walker@3.0.3": {
        "integrity": "sha512-7RUKfXgSMMkzt6ZuXmqapOurLGPPfgj6l9uRZ7lRGolvk0y2yocc35LdcxKC5PQZdn2DMqioAQ2NoWcrTKmm6g==",
        "dependencies": {
          "@types/estree": "@types/estree@1.0.5"
        }
      },
      "fill-range@7.1.1": {
        "integrity": "sha512-YsGpe3WHLK8ZYi4tWDg2Jy3ebRz2rXowDxnld4bkQB00cc/1Zw9AWnC0i9ztDJitivtQvaI9KaLyKrc+hBW0yg==",
        "dependencies": {
          "to-regex-range": "to-regex-range@5.0.1"
        }
      },
      "fsevents@2.3.3": {
        "integrity": "sha512-5xoDfX+fL7faATnagmWPpbFtwh/R77WmMMqqHGS65C3vvB0YHrgF+B1YmZ3441tMj5n63k0212XNoJwzlhffQw==",
        "dependencies": {}
      },
      "glob-parent@5.1.2": {
        "integrity": "sha512-AOIgSQCepiJYwP3ARnGx+5VnTu2HBYdzbGP45eLw1vr3zB3vZLeyed1sC9hnbcOc9/SrMyM5RPQrkGz4aS9Zow==",
        "dependencies": {
          "is-glob": "is-glob@4.0.3"
        }
      },
      "highlight.js@11.9.0": {
        "integrity": "sha512-fJ7cW7fQGCYAkgv4CPfwFHrfd/cLS4Hau96JuJ+ZTOWhjnhoeN1ub1tFmALm/+lW5z4WCAuAV9bm05AP0mS6Gw==",
        "dependencies": {}
      },
      "immutable@4.3.6": {
        "integrity": "sha512-Ju0+lEMyzMVZarkTn/gqRpdqd5dOPaz1mCZ0SH3JV6iFw81PldE/PEB1hWVEA288HPt4WXW8O7AWxB10M+03QQ==",
        "dependencies": {}
      },
      "is-binary-path@2.1.0": {
        "integrity": "sha512-ZMERYes6pDydyuGidse7OsHxtbI7WVeUEozgR/g7rd0xUimYNlvZRE/K2MgZTjWy725IfelLeVcEM97mmtRGXw==",
        "dependencies": {
          "binary-extensions": "binary-extensions@2.3.0"
        }
      },
      "is-extglob@2.1.1": {
        "integrity": "sha512-SbKbANkN603Vi4jEZv49LeVJMn4yGwsbzZworEoyEiutsN3nJYdbO36zfhGJ6QEDpOZIFkDtnq5JRxmvl3jsoQ==",
        "dependencies": {}
      },
      "is-glob@4.0.3": {
        "integrity": "sha512-xelSayHH36ZgE7ZWhli7pW34hNbNl8Ojv5KVmkJD4hBdD3th8Tfk9vYasLM+mXWOZhFkgZfxhLSnrwRr4elSSg==",
        "dependencies": {
          "is-extglob": "is-extglob@2.1.1"
        }
      },
      "is-number@7.0.0": {
        "integrity": "sha512-41Cifkg6e8TylSpdtTpeLVMqvSBEVzTttHvERD741+pnZ8ANv0004MRL43QKPDlK9cGvNp6NZWZUBlbGXYxxng==",
        "dependencies": {}
      },
      "jsbi@4.3.0": {
        "integrity": "sha512-SnZNcinB4RIcnEyZqFPdGPVgrg2AcnykiBy0sHVJQKHYeaLUvi3Exj+iaPpLnFVkDPZIV4U0yvgC9/R4uEAZ9g==",
        "dependencies": {}
      },
      "linkify-it@5.0.0": {
        "integrity": "sha512-5aHCbzQRADcdP+ATqnDuhhJ/MRIqDkZX5pyjFHRRysS8vZ5AbqGEoFIb6pYHPZ+L/OC2Lc+xT8uHVVR5CAK/wQ==",
        "dependencies": {
          "uc.micro": "uc.micro@2.1.0"
        }
      },
      "markdown-it-attrs@4.1.6_markdown-it@14.1.0": {
        "integrity": "sha512-O7PDKZlN8RFMyDX13JnctQompwrrILuz2y43pW2GagcwpIIElkAdfeek+erHfxUOlXWPsjFeWmZ8ch1xtRLWpA==",
        "dependencies": {
          "markdown-it": "markdown-it@14.1.0"
        }
      },
      "markdown-it-deflist@3.0.0": {
        "integrity": "sha512-OxPmQ/keJZwbubjiQWOvKLHwpV2wZ5I3Smc81OjhwbfJsjdRrvD5aLTQxmZzzePeO0kbGzAo3Krk4QLgA8PWLg==",
        "dependencies": {}
      },
      "markdown-it@14.1.0": {
        "integrity": "sha512-a54IwgWPaeBCAAsv13YgmALOF1elABB08FxO9i+r4VFk5Vl4pKokRPeX8u5TCgSsPi6ec1otfLjdOpVcgbpshg==",
        "dependencies": {
          "argparse": "argparse@2.0.1",
          "entities": "entities@4.5.0",
          "linkify-it": "linkify-it@5.0.0",
          "mdurl": "mdurl@2.0.0",
          "punycode.js": "punycode.js@2.3.1",
          "uc.micro": "uc.micro@2.1.0"
        }
      },
      "mdurl@2.0.0": {
        "integrity": "sha512-Lf+9+2r+Tdp5wXDXC4PcIBjTDtq4UKjCPMQhKIuzpJNW0b96kVqSwW0bT7FhRSfmAiFYgP+SCRvdrDozfh0U5w==",
        "dependencies": {}
      },
      "meriyah@4.5.0": {
        "integrity": "sha512-Rbiu0QPIxTXgOXwiIpRVJfZRQ2FWyfzYrOGBs9SN5RbaXg1CN5ELn/plodwWwluX93yzc4qO/bNIen1ThGFCxw==",
        "dependencies": {}
      },
      "normalize-path@3.0.0": {
        "integrity": "sha512-6eZs5Ls3WtCisHWp9S2GUy8dqkpGi4BVSz3GaqiE6ezub0512ESztXUwUB6C6IKbQkY2Pnb/mD4WYojCRwcwLA==",
        "dependencies": {}
      },
      "pagefind@1.1.0": {
        "integrity": "sha512-1nmj0/vfYcMxNEQj0YDRp6bTVv9hI7HLdPhK/vBBYlrnwjATndQvHyicj5Y7pUHrpCFZpFnLVQXIF829tpFmaw==",
        "dependencies": {
          "@pagefind/darwin-arm64": "@pagefind/darwin-arm64@1.1.0",
          "@pagefind/darwin-x64": "@pagefind/darwin-x64@1.1.0",
          "@pagefind/linux-arm64": "@pagefind/linux-arm64@1.1.0",
          "@pagefind/linux-x64": "@pagefind/linux-x64@1.1.0",
          "@pagefind/windows-x64": "@pagefind/windows-x64@1.1.0"
        }
      },
      "picomatch@2.3.1": {
        "integrity": "sha512-JU3teHTNjmE2VCGFzuY8EXzCDVwEqB2a8fsIvwaStHhAWJEeVd1o1QD80CU6+ZdEXXSLbSsuLwJjkCBWqRQUVA==",
        "dependencies": {}
      },
      "prismjs@1.29.0": {
        "integrity": "sha512-Kx/1w86q/epKcmte75LNrEoT+lX8pBpavuAbvJWRXar7Hz8jrtF+e3vY751p0R8H9HdArwaCTNDDzHg/ScJK1Q==",
        "dependencies": {}
      },
      "punycode.js@2.3.1": {
        "integrity": "sha512-uxFIHU0YlHYhDQtV4R9J6a52SLx28BCjT+4ieh7IGbgwVJWO+km431c4yRlREUAsAmt/uMjQUyQHNEPf0M39CA==",
        "dependencies": {}
      },
      "readdirp@3.6.0": {
        "integrity": "sha512-hOS089on8RduqdbhvQ5Z37A0ESjsqz6qnRcffsMU3495FuTdqSm+7bhJ29JvIOsBDEEnan5DPu9t3To9VRlMzA==",
        "dependencies": {
          "picomatch": "picomatch@2.3.1"
        }
      },
      "sass@1.77.6": {
        "integrity": "sha512-ByXE1oLD79GVq9Ht1PeHWCPMPB8XHpBuz1r85oByKHjZY6qV6rWnQovQzXJXuQ/XyE1Oj3iPk3lo28uzaRA2/Q==",
        "dependencies": {
          "chokidar": "chokidar@3.6.0",
          "immutable": "immutable@4.3.6",
          "source-map-js": "source-map-js@1.2.0"
        }
      },
      "source-map-js@1.2.0": {
        "integrity": "sha512-itJW8lvSA0TXEphiRoawsCksnlf8SyvmFzIhltqAHluXd88pkCd+cXJVHTDwdCr0IzwptSm035IHQktUu1QUMg==",
        "dependencies": {}
      },
      "to-regex-range@5.0.1": {
        "integrity": "sha512-65P7iz6X5yEr1cwcgvQxbbIw7Uk3gOy5dIdtZ4rDveLqhrdJP+Li/Hx6tyK0NEb+2GCyneCMJiGqrADCSNk8sQ==",
        "dependencies": {
          "is-number": "is-number@7.0.0"
        }
      },
      "tslib@2.6.2": {
        "integrity": "sha512-AEYxH93jGFPn/a2iVAwW87VuUIkR1FVUKB77NwMF7nBTDkDrrT/Hpt/IrCJ0QXhW27jTBDcf5ZY7w6RiqTMw2Q==",
        "dependencies": {}
      },
      "uc.micro@2.1.0": {
        "integrity": "sha512-ARDJmphmdvUk6Glw7y9DQ2bFkKBHwQHLi2lsaH6PPmz/Ka9sFOBsBluozhDltWmnv9u/cF6Rt87znRTPV+yp/A==",
        "dependencies": {}
      }
    }
  },
  "redirects": {
    "https://deno.land/x/lume_markdown_plugins/image.ts": "https://deno.land/x/lume_markdown_plugins@v0.7.0/image.ts"
  },
  "remote": {
    "https://deno.land/std@0.170.0/_util/asserts.ts": "d0844e9b62510f89ce1f9878b046f6a57bf88f208a10304aab50efcb48365272",
    "https://deno.land/std@0.170.0/_util/os.ts": "8a33345f74990e627b9dfe2de9b040004b08ea5146c7c9e8fe9a29070d193934",
    "https://deno.land/std@0.170.0/encoding/base64.ts": "8605e018e49211efc767686f6f687827d7f5fd5217163e981d8d693105640d7a",
    "https://deno.land/std@0.170.0/fmt/colors.ts": "03ad95e543d2808bc43c17a3dd29d25b43d0f16287fe562a0be89bf632454a12",
    "https://deno.land/std@0.170.0/path/_constants.ts": "df1db3ffa6dd6d1252cc9617e5d72165cd2483df90e93833e13580687b6083c3",
    "https://deno.land/std@0.170.0/path/_interface.ts": "ee3b431a336b80cf445441109d089b70d87d5e248f4f90ff906820889ecf8d09",
    "https://deno.land/std@0.170.0/path/_util.ts": "d16be2a16e1204b65f9d0dfc54a9bc472cafe5f4a190b3c8471ec2016ccd1677",
    "https://deno.land/std@0.170.0/path/common.ts": "bee563630abd2d97f99d83c96c2fa0cca7cee103e8cb4e7699ec4d5db7bd2633",
    "https://deno.land/std@0.170.0/path/glob.ts": "81cc6c72be002cd546c7a22d1f263f82f63f37fe0035d9726aa96fc8f6e4afa1",
    "https://deno.land/std@0.170.0/path/mod.ts": "cf7cec7ac11b7048bb66af8ae03513e66595c279c65cfa12bfc07d9599608b78",
    "https://deno.land/std@0.170.0/path/posix.ts": "b859684bc4d80edfd4cad0a82371b50c716330bed51143d6dcdbe59e6278b30c",
    "https://deno.land/std@0.170.0/path/separator.ts": "fe1816cb765a8068afb3e8f13ad272351c85cbc739af56dacfc7d93d710fe0f9",
    "https://deno.land/std@0.170.0/path/win32.ts": "7cebd2bda6657371adc00061a1d23fdd87bcdf64b4843bb148b0b24c11b40f69",
    "https://deno.land/x/cliffy@v0.25.7/_utils/distance.ts": "02af166952c7c358ac83beae397aa2fbca4ad630aecfcd38d92edb1ea429f004",
    "https://deno.land/x/cliffy@v0.25.7/ansi/ansi.ts": "7f43d07d31dd7c24b721bb434c39cbb5132029fa4be3dd8938873065f65e5810",
    "https://deno.land/x/cliffy@v0.25.7/ansi/ansi_escapes.ts": "885f61f343223f27b8ec69cc138a54bea30542924eacd0f290cd84edcf691387",
    "https://deno.land/x/cliffy@v0.25.7/ansi/chain.ts": "31fb9fcbf72fed9f3eb9b9487270d2042ccd46a612d07dd5271b1a80ae2140a0",
    "https://deno.land/x/cliffy@v0.25.7/ansi/colors.ts": "5f71993af5bd1aa0a795b15f41692d556d7c89584a601fed75997df844b832c9",
    "https://deno.land/x/cliffy@v0.25.7/ansi/cursor_position.ts": "d537491e31d9c254b208277448eff92ff7f55978c4928dea363df92c0df0813f",
    "https://deno.land/x/cliffy@v0.25.7/ansi/deps.ts": "0f35cb7e91868ce81561f6a77426ea8bc55dc15e13f84c7352f211023af79053",
    "https://deno.land/x/cliffy@v0.25.7/ansi/mod.ts": "bb4e6588e6704949766205709463c8c33b30fec66c0b1846bc84a3db04a4e075",
    "https://deno.land/x/cliffy@v0.25.7/ansi/tty.ts": "8fb064c17ead6cdf00c2d3bc87a9fd17b1167f2daa575c42b516f38bdb604673",
    "https://deno.land/x/cliffy@v0.25.7/command/_errors.ts": "a9bd23dc816b32ec96c9b8f3057218241778d8c40333b43341138191450965e5",
    "https://deno.land/x/cliffy@v0.25.7/command/_utils.ts": "9ab3d69fabab6c335b881b8a5229cbd5db0c68f630a1c307aff988b6396d9baf",
    "https://deno.land/x/cliffy@v0.25.7/command/command.ts": "a2b83c612acd65c69116f70dec872f6da383699b83874b70fcf38cddf790443f",
    "https://deno.land/x/cliffy@v0.25.7/command/completions/_bash_completions_generator.ts": "43b4abb543d4dc60233620d51e69d82d3b7c44e274e723681e0dce2a124f69f9",
    "https://deno.land/x/cliffy@v0.25.7/command/completions/_fish_completions_generator.ts": "d0289985f5cf0bd288c05273bfa286b24c27feb40822eb7fd9d7fee64e6580e8",
    "https://deno.land/x/cliffy@v0.25.7/command/completions/_zsh_completions_generator.ts": "14461eb274954fea4953ee75938821f721da7da607dc49bcc7db1e3f33a207bd",
    "https://deno.land/x/cliffy@v0.25.7/command/completions/bash.ts": "053aa2006ec327ccecacb00ba28e5eb836300e5c1bec1b3cfaee9ddcf8189756",
    "https://deno.land/x/cliffy@v0.25.7/command/completions/complete.ts": "58df61caa5e6220ff2768636a69337923ad9d4b8c1932aeb27165081c4d07d8b",
    "https://deno.land/x/cliffy@v0.25.7/command/completions/fish.ts": "9938beaa6458c6cf9e2eeda46a09e8cd362d4f8c6c9efe87d3cd8ca7477402a5",
    "https://deno.land/x/cliffy@v0.25.7/command/completions/mod.ts": "aeef7ec8e319bb157c39a4bab8030c9fe8fa327b4c1e94c9c1025077b45b40c0",
    "https://deno.land/x/cliffy@v0.25.7/command/completions/zsh.ts": "8b04ab244a0b582f7927d405e17b38602428eeb347a9968a657e7ea9f40e721a",
    "https://deno.land/x/cliffy@v0.25.7/command/deprecated.ts": "bbe6670f1d645b773d04b725b8b8e7814c862c9f1afba460c4d599ffe9d4983c",
    "https://deno.land/x/cliffy@v0.25.7/command/deps.ts": "275b964ce173770bae65f6b8ebe9d2fd557dc10292cdd1ed3db1735f0d77fa1d",
    "https://deno.land/x/cliffy@v0.25.7/command/help/_help_generator.ts": "f7c349cb2ddb737e70dc1f89bcb1943ca9017a53506be0d4138e0aadb9970a49",
    "https://deno.land/x/cliffy@v0.25.7/command/help/mod.ts": "09d74d3eb42d21285407cda688074c29595d9c927b69aedf9d05ff3f215820d3",
    "https://deno.land/x/cliffy@v0.25.7/command/mod.ts": "d0a32df6b14028e43bb2d41fa87d24bc00f9662a44e5a177b3db02f93e473209",
    "https://deno.land/x/cliffy@v0.25.7/command/type.ts": "24e88e3085e1574662b856ccce70d589959648817135d4469fab67b9cce1b364",
    "https://deno.land/x/cliffy@v0.25.7/command/types.ts": "ae02eec0ed7a769f7dba2dd5d3a931a61724b3021271b1b565cf189d9adfd4a0",
    "https://deno.land/x/cliffy@v0.25.7/command/types/action_list.ts": "33c98d449617c7a563a535c9ceb3741bde9f6363353fd492f90a74570c611c27",
    "https://deno.land/x/cliffy@v0.25.7/command/types/boolean.ts": "3879ec16092b4b5b1a0acb8675f8c9250c0b8a972e1e4c7adfba8335bd2263ed",
    "https://deno.land/x/cliffy@v0.25.7/command/types/child_command.ts": "f1fca390c7fbfa7a713ca15ef55c2c7656bcbb394d50e8ef54085bdf6dc22559",
    "https://deno.land/x/cliffy@v0.25.7/command/types/command.ts": "325d0382e383b725fd8d0ef34ebaeae082c5b76a1f6f2e843fee5dbb1a4fe3ac",
    "https://deno.land/x/cliffy@v0.25.7/command/types/enum.ts": "2178345972adf7129a47e5f02856ca3e6852a91442a1c78307dffb8a6a3c6c9f",
    "https://deno.land/x/cliffy@v0.25.7/command/types/file.ts": "8618f16ac9015c8589cbd946b3de1988cc4899b90ea251f3325c93c46745140e",
    "https://deno.land/x/cliffy@v0.25.7/command/types/integer.ts": "29864725fd48738579d18123d7ee78fed37515e6dc62146c7544c98a82f1778d",
    "https://deno.land/x/cliffy@v0.25.7/command/types/number.ts": "aeba96e6f470309317a16b308c82e0e4138a830ec79c9877e4622c682012bc1f",
    "https://deno.land/x/cliffy@v0.25.7/command/types/string.ts": "e4dadb08a11795474871c7967beab954593813bb53d9f69ea5f9b734e43dc0e0",
    "https://deno.land/x/cliffy@v0.25.7/command/upgrade/mod.ts": "17e2df3b620905583256684415e6c4a31e8de5c59066eb6d6c9c133919292dc4",
    "https://deno.land/x/cliffy@v0.25.7/command/upgrade/provider.ts": "d6fb846043232cbd23c57d257100c7fc92274984d75a5fead0f3e4266dc76ab8",
    "https://deno.land/x/cliffy@v0.25.7/command/upgrade/provider/deno_land.ts": "24f8d82e38c51e09be989f30f8ad21f9dd41ac1bb1973b443a13883e8ba06d6d",
    "https://deno.land/x/cliffy@v0.25.7/command/upgrade/provider/github.ts": "99e1b133dd446c6aa79f69e69c46eb8bc1c968dd331c2a7d4064514a317c7b59",
    "https://deno.land/x/cliffy@v0.25.7/command/upgrade/provider/nest_land.ts": "0e07936cea04fa41ac9297f32d87f39152ea873970c54cb5b4934b12fee1885e",
    "https://deno.land/x/cliffy@v0.25.7/command/upgrade/upgrade_command.ts": "3640a287d914190241ea1e636774b1b4b0e1828fa75119971dd5304784061e05",
    "https://deno.land/x/cliffy@v0.25.7/flags/_errors.ts": "f1fbb6bfa009e7950508c9d491cfb4a5551027d9f453389606adb3f2327d048f",
    "https://deno.land/x/cliffy@v0.25.7/flags/_utils.ts": "340d3ecab43cde9489187e1f176504d2c58485df6652d1cdd907c0e9c3ce4cc2",
    "https://deno.land/x/cliffy@v0.25.7/flags/_validate_flags.ts": "16eb5837986c6f6f7620817820161a78d66ce92d690e3697068726bbef067452",
    "https://deno.land/x/cliffy@v0.25.7/flags/deprecated.ts": "a72a35de3cc7314e5ebea605ca23d08385b218ef171c32a3f135fb4318b08126",
    "https://deno.land/x/cliffy@v0.25.7/flags/flags.ts": "68a9dfcacc4983a84c07ba19b66e5e9fccd04389fad215210c60fb414cc62576",
    "https://deno.land/x/cliffy@v0.25.7/flags/mod.ts": "b21c2c135cd2437cc16245c5f168a626091631d6d4907ad10db61c96c93bdb25",
    "https://deno.land/x/cliffy@v0.25.7/flags/types.ts": "7452ea5296758fb7af89930349ce40d8eb9a43b24b3f5759283e1cb5113075fd",
    "https://deno.land/x/cliffy@v0.25.7/flags/types/boolean.ts": "4c026dd66ec9c5436860dc6d0241427bdb8d8e07337ad71b33c08193428a2236",
    "https://deno.land/x/cliffy@v0.25.7/flags/types/integer.ts": "b60d4d590f309ddddf066782d43e4dc3799f0e7d08e5ede7dc62a5ee94b9a6d9",
    "https://deno.land/x/cliffy@v0.25.7/flags/types/number.ts": "610936e2d29de7c8c304b65489a75ebae17b005c6122c24e791fbed12444d51e",
    "https://deno.land/x/cliffy@v0.25.7/flags/types/string.ts": "e89b6a5ce322f65a894edecdc48b44956ec246a1d881f03e97bbda90dd8638c5",
    "https://deno.land/x/cliffy@v0.25.7/keycode/key_code.ts": "c4ab0ffd102c2534962b765ded6d8d254631821bf568143d9352c1cdcf7a24be",
    "https://deno.land/x/cliffy@v0.25.7/keycode/key_codes.ts": "917f0a2da0dbace08cf29bcfdaaa2257da9fe7e705fff8867d86ed69dfb08cfe",
    "https://deno.land/x/cliffy@v0.25.7/keycode/mod.ts": "292d2f295316c6e0da6955042a7b31ab2968ff09f2300541d00f05ed6c2aa2d4",
    "https://deno.land/x/cliffy@v0.25.7/mod.ts": "e3515ccf6bd4e4ac89322034e07e2332ed71901e4467ee5bc9d72851893e167b",
    "https://deno.land/x/cliffy@v0.25.7/prompt/_generic_input.ts": "737cff2de02c8ce35250f5dd79c67b5fc176423191a2abd1f471a90dd725659e",
    "https://deno.land/x/cliffy@v0.25.7/prompt/_generic_list.ts": "79b301bf09eb19f0d070d897f613f78d4e9f93100d7e9a26349ef0bfaa7408d2",
    "https://deno.land/x/cliffy@v0.25.7/prompt/_generic_prompt.ts": "8630ce89a66d83e695922df41721cada52900b515385d86def597dea35971bb2",
    "https://deno.land/x/cliffy@v0.25.7/prompt/_generic_suggestions.ts": "2a8b619f91e8f9a270811eff557f10f1343a444a527b5fc22c94de832939920c",
    "https://deno.land/x/cliffy@v0.25.7/prompt/_utils.ts": "676cca30762656ed1a9bcb21a7254244278a23ffc591750e98a501644b6d2df3",
    "https://deno.land/x/cliffy@v0.25.7/prompt/checkbox.ts": "e5a5a9adbb86835dffa2afbd23c6f7a8fe25a9d166485388ef25aba5dc3fbf9e",
    "https://deno.land/x/cliffy@v0.25.7/prompt/confirm.ts": "94c8e55de3bbcd53732804420935c432eab29945497d1c47c357d236a89cb5f6",
    "https://deno.land/x/cliffy@v0.25.7/prompt/deps.ts": "4c38ab18e55a792c9a136c1c29b2b6e21ea4820c45de7ef4cf517ce94012c57d",
    "https://deno.land/x/cliffy@v0.25.7/prompt/figures.ts": "26af0fbfe21497220e4b887bb550fab997498cde14703b98e78faf370fbb4b94",
    "https://deno.land/x/cliffy@v0.25.7/prompt/input.ts": "ee45532e0a30c2463e436e08ae291d79d1c2c40872e17364c96d2b97c279bf4d",
    "https://deno.land/x/cliffy@v0.25.7/prompt/list.ts": "6780427ff2a932a48c9b882d173c64802081d6cdce9ff618d66ba6504b6abc50",
    "https://deno.land/x/cliffy@v0.25.7/prompt/mod.ts": "195aed14d10d279914eaa28c696dec404d576ca424c097a5bc2b4a7a13b66c89",
    "https://deno.land/x/cliffy@v0.25.7/prompt/number.ts": "015305a76b50138234dde4fd50eb886c6c7c0baa1b314caf811484644acdc2cf",
    "https://deno.land/x/cliffy@v0.25.7/prompt/prompt.ts": "0e7f6a1d43475ee33fb25f7d50749b2f07fc0bcddd9579f3f9af12d05b4a4412",
    "https://deno.land/x/cliffy@v0.25.7/prompt/secret.ts": "58745f5231fb2c44294c4acf2511f8c5bfddfa1e12f259580ff90dedea2703d6",
    "https://deno.land/x/cliffy@v0.25.7/prompt/select.ts": "1e982eae85718e4e15a3ee10a5ae2233e532d7977d55888f3a309e8e3982b784",
    "https://deno.land/x/cliffy@v0.25.7/prompt/toggle.ts": "842c3754a40732f2e80bcd4670098713e402e64bd930e6cab2b787f7ad4d931a",
    "https://deno.land/x/cliffy@v0.25.7/table/border.ts": "2514abae4e4f51eda60a5f8c927ba24efd464a590027e900926b38f68e01253c",
    "https://deno.land/x/cliffy@v0.25.7/table/cell.ts": "1d787d8006ac8302020d18ec39f8d7f1113612c20801b973e3839de9c3f8b7b3",
    "https://deno.land/x/cliffy@v0.25.7/table/deps.ts": "5b05fa56c1a5e2af34f2103fd199e5f87f0507549963019563eae519271819d2",
    "https://deno.land/x/cliffy@v0.25.7/table/layout.ts": "46bf10ae5430cf4fbb92f23d588230e9c6336edbdb154e5c9581290562b169f4",
    "https://deno.land/x/cliffy@v0.25.7/table/mod.ts": "e74f69f38810ee6139a71132783765feb94436a6619c07474ada45b465189834",
    "https://deno.land/x/cliffy@v0.25.7/table/row.ts": "5f519ba7488d2ef76cbbf50527f10f7957bfd668ce5b9169abbc44ec88302645",
    "https://deno.land/x/cliffy@v0.25.7/table/table.ts": "ec204c9d08bb3ff1939c5ac7412a4c9ed7d00925d4fc92aff9bfe07bd269258d",
    "https://deno.land/x/cliffy@v0.25.7/table/utils.ts": "187bb7dcbcfb16199a5d906113f584740901dfca1007400cba0df7dcd341bc29",
    "https://deno.land/x/deno_dom@v0.1.47/build/deno-wasm/deno-wasm.js": "d6841a06342eb6a2798ef28de79ad69c0f2fa349fa04d3ca45e5fcfbf50a9340",
    "https://deno.land/x/deno_dom@v0.1.47/deno-dom-wasm.ts": "0669396686fb207f1354af33df6aabe2189b4eceafdb1bf7f3d6bbb2637b6b03",
    "https://deno.land/x/deno_dom@v0.1.47/src/api.ts": "0ff5790f0a3eeecb4e00b7d8fbfa319b165962cf6d0182a65ba90f158d74f7d7",
    "https://deno.land/x/deno_dom@v0.1.47/src/constructor-lock.ts": "0e7b297e8b9cf921a3b0d3a692ec5fb462c5afc47ec554292e20090b9e16b40a",
    "https://deno.land/x/deno_dom@v0.1.47/src/deserialize.ts": "1cf4096678d8afed8ed28dbad690504c4d2c28149ba768b26eacd1416873425b",
    "https://deno.land/x/deno_dom@v0.1.47/src/dom/document-fragment.ts": "1c7352a3c816587ed7fad574b42636198f680f17abc3836fcfe7799b31e7718f",
    "https://deno.land/x/deno_dom@v0.1.47/src/dom/document.ts": "0b07049fd614c1d460240d1bf3e051084a58105e54887af90f45bc615965f1c6",
    "https://deno.land/x/deno_dom@v0.1.47/src/dom/dom-parser.ts": "784ee0e766d4a01e14420f328053fd3a0016c6b40ee442edc3ae80f5d9777927",
    "https://deno.land/x/deno_dom@v0.1.47/src/dom/element.ts": "d1a006e4f7cd1eb050838a96ba93a254e5cf4136236c6454ab6e8ffedcf395fd",
    "https://deno.land/x/deno_dom@v0.1.47/src/dom/elements/html-template-element.ts": "740b97a5378c9a14cccf3429299846eda240b613013e2d2d7f20b393897453c2",
    "https://deno.land/x/deno_dom@v0.1.47/src/dom/html-collection.ts": "eedc0b097612ef420d975df6924850a36a4829b35aafa4c92078609a15a52f08",
    "https://deno.land/x/deno_dom@v0.1.47/src/dom/node-list.ts": "aa5d4c2297fadfb1b392ffa0e5c33a6fb8c198e8875bb853c2fc3fc49807701d",
    "https://deno.land/x/deno_dom@v0.1.47/src/dom/node.ts": "4ee9bc98f1d5b31a9a36674a9f3e1d6e25b9125b1532c42f84c4624816fe8435",
    "https://deno.land/x/deno_dom@v0.1.47/src/dom/selectors/custom-api.ts": "852696bd58e534bc41bd3be9e2250b60b67cd95fd28ed16b1deff1d548531a71",
    "https://deno.land/x/deno_dom@v0.1.47/src/dom/selectors/nwsapi-types.ts": "c43b36c36acc5d32caabaa54fda8c9d239b2b0fcbce9a28efb93c84aa1021698",
    "https://deno.land/x/deno_dom@v0.1.47/src/dom/selectors/nwsapi.js": "985d7d8fc1eabbb88946b47a1c44c1b2d4aa79ff23c21424219f1528fa27a2ff",
    "https://deno.land/x/deno_dom@v0.1.47/src/dom/selectors/selectors.ts": "83eab57be2290fb48e3130533448c93c6c61239f2a2f3b85f1917f80ca0fdc75",
    "https://deno.land/x/deno_dom@v0.1.47/src/dom/selectors/sizzle-types.ts": "78149e2502409989ce861ed636b813b059e16bc267bb543e7c2b26ef43e4798b",
    "https://deno.land/x/deno_dom@v0.1.47/src/dom/selectors/sizzle.js": "c3aed60c1045a106d8e546ac2f85cc82e65f62d9af2f8f515210b9212286682a",
    "https://deno.land/x/deno_dom@v0.1.47/src/dom/utils-types.ts": "96db30e3e4a75b194201bb9fa30988215da7f91b380fca6a5143e51ece2a8436",
    "https://deno.land/x/deno_dom@v0.1.47/src/dom/utils.ts": "4c6206516fb8f61f37a209c829e812c4f5a183e46d082934dd14c91bde939263",
    "https://deno.land/x/deno_dom@v0.1.47/src/parser.ts": "e06b2300d693e6ae7564e53dfa5c9a9e97fdb8c044c39c52c8b93b5d60860be3",
    "https://deno.land/x/lume@v2.2.3/cli.ts": "71f6e24caf5eb661fb1b903ed6a914718a08ee6711daa689dc61fa5e5a37c54c",
    "https://deno.land/x/lume@v2.2.3/cli/build.ts": "4a280da27631beca8f57a459a3bd6a9d4f83316d95d3886a3bc43a65af857cd6",
    "https://deno.land/x/lume@v2.2.3/cli/cms.ts": "ba10b3f1cc44f5ec172c72c6bbe1da99bac97c0e2c0f214d1aa8e1a4ce200464",
    "https://deno.land/x/lume@v2.2.3/cli/create.ts": "f4173fd79c6a97480839e1bd47a0ec8c79de1f24d2e92c83baad637c476c9c01",
    "https://deno.land/x/lume@v2.2.3/cli/run.ts": "6f60a8c03b085ed71e67c595d02428259526db6095f41389d3933d98433e9f0c",
    "https://deno.land/x/lume@v2.2.3/cli/upgrade.ts": "a11e7c9024f78c2e7376c57b4a99e389dbf490769779d2d37a4a3ccd6ef27d9e",
    "https://deno.land/x/lume@v2.2.3/core/component_loader.ts": "da80bf80a168d0b91b59eb3449fbf62627d8bf67879df34e71970616d47ce2ec",
    "https://deno.land/x/lume@v2.2.3/core/data_loader.ts": "8698a9e9b1aac27147dc835ba89a0e30828c81338eceae86630607d78f146215",
    "https://deno.land/x/lume@v2.2.3/core/events.ts": "e4fd1786eb7dd4a041d7d922779b9edf1ee89e51fd17ba5e756f380879ccb557",
    "https://deno.land/x/lume@v2.2.3/core/file.ts": "ddbb9ff4a98c5efeccf2beb3f98d68e376d9c1018862b64e9f1e12d676bfae21",
    "https://deno.land/x/lume@v2.2.3/core/formats.ts": "24d9f5ccf384b2474f457cc0d3855e6ad411ded0d6acf4afe36547ba93fc706f",
    "https://deno.land/x/lume@v2.2.3/core/fs.ts": "28adb1bc12e8d4005a1d7a2ff44a6e1d1e805e1d70262299876f6e7343959018",
    "https://deno.land/x/lume@v2.2.3/core/loaders/binary.ts": "bb1e1cf3faac49f6007dc6814168dc0f633da17356db18e68862e4b2a87a3f33",
    "https://deno.land/x/lume@v2.2.3/core/loaders/json.ts": "632e840340edf7d79091fb37474a1cbf86dd2d218090fb6f6c0420f5f5e9c2ce",
    "https://deno.land/x/lume@v2.2.3/core/loaders/mod.ts": "148404b9a9112361918177fcec1456e3e1ccc59baa3812043b6b3dffebbd958d",
    "https://deno.land/x/lume@v2.2.3/core/loaders/module.ts": "abcb210fa6724b83407407cd0f7ef90462b35a2017bc135a3d124dd7f38843f6",
    "https://deno.land/x/lume@v2.2.3/core/loaders/text.ts": "42860fc3482651fa6cfba18a734bb548d6e6e1163bf1015c2abc447ab150acbd",
    "https://deno.land/x/lume@v2.2.3/core/loaders/toml.ts": "72ddfef2deea62815c28e27faa2c5356e09b3109e9547e47a6defea3d3332452",
    "https://deno.land/x/lume@v2.2.3/core/loaders/yaml.ts": "241dc41fbe51b92e38dc748eda614c35d80fb8c63a6d40253453c6bb78c9c47e",
    "https://deno.land/x/lume@v2.2.3/core/processors.ts": "ce9b97307740723afd86d1773e946981a96769189ba6acd649b412e48552045d",
    "https://deno.land/x/lume@v2.2.3/core/renderer.ts": "b1879895f7544326e61e95a6413689975e79eabae0c48ca5912f06d2b4afde43",
    "https://deno.land/x/lume@v2.2.3/core/scopes.ts": "dbdf93d7a9cead84833779e974f190b1379356ec7c0ccd34aa92f917c2cdd2f9",
    "https://deno.land/x/lume@v2.2.3/core/scripts.ts": "286969b120d2290ba57a7fdd9b37e587aacf4e4162d92f51f1f1e9e18c864f30",
    "https://deno.land/x/lume@v2.2.3/core/searcher.ts": "db2ba1841be3bf71c51c9c316fc5ea2f8be9ba71b74347c303ae569e7076cab9",
    "https://deno.land/x/lume@v2.2.3/core/server.ts": "f0446cbe56b6d8e04517cb0b994f1f3b8d4f5a5cd2bdbafa2a7aa671520cc012",
    "https://deno.land/x/lume@v2.2.3/core/site.ts": "b88d6b68f92534dd01baa98b4baaf9dcc228f41bdd53e9337b40539126356007",
    "https://deno.land/x/lume@v2.2.3/core/source.ts": "5b866c68c7275e9fd195c0461b2f7c8907bf3772b4bd4bbe332b21613623a8ae",
    "https://deno.land/x/lume@v2.2.3/core/utils/cli_options.ts": "0e48094ef8b89502c53fa597e01238c2ca972f65d2b9b219cca42a3988cba3c6",
    "https://deno.land/x/lume@v2.2.3/core/utils/concurrent.ts": "cb0775b3d95f3faa356aa3a3e489dccef8807ed93cc4f84fcf5bc81e87c29504",
    "https://deno.land/x/lume@v2.2.3/core/utils/date.ts": "b989369496b9a6fba04cf1dee7f58f157911ae273aa3ca16abf9a047e4e091c2",
    "https://deno.land/x/lume@v2.2.3/core/utils/digest.ts": "445b387983391af73269686292a65bb677119a25a327776885ff1242a9397ad8",
    "https://deno.land/x/lume@v2.2.3/core/utils/dom.ts": "d406fb5c48ceb012286d0aff66ef635261eda666de2ce07538c0cf9366b8fecd",
    "https://deno.land/x/lume@v2.2.3/core/utils/env.ts": "d2440f14ad27e65b0a42b35a52f59ccce0430dd52950bd5df103bb1c9ba1a4a7",
    "https://deno.land/x/lume@v2.2.3/core/utils/generator.ts": "1e664e9fd4c469e38a0acf5c94fd49dac4f38cb6334563ea4b7fc498b5958877",
    "https://deno.land/x/lume@v2.2.3/core/utils/log.ts": "c04df547a673aaecaaeb1f5d90f2a973c1cca9e4545353e94b3cd0074a8ec2b4",
    "https://deno.land/x/lume@v2.2.3/core/utils/lume_config.ts": "344bafe9bdd5b69b44d3106de90cbd822dcc21f2916261dddde7eb2b94f336b1",
    "https://deno.land/x/lume@v2.2.3/core/utils/lume_version.ts": "96ce8c0144b5adbc170f388b60be706244d1bd100413e748e9cf23878838c87c",
    "https://deno.land/x/lume@v2.2.3/core/utils/merge_data.ts": "f4771c4f027b17487bf9a33bc2b04701a97f0578fd4a7feb31809cc119e5ee63",
    "https://deno.land/x/lume@v2.2.3/core/utils/net.ts": "7827473a96b28950ab8083582a1f810e56ab265c28196494d9d714f1e0c17e8a",
    "https://deno.land/x/lume@v2.2.3/core/utils/object.ts": "e00ee6e91264064772c87e69e128a09ba0e30c2c41be4a5302881f59f456fc31",
    "https://deno.land/x/lume@v2.2.3/core/utils/page_date.ts": "096b21d1832c74bc338c8d8d8762f1f5106259b73e6b2caa72fb50986d4f1f5b",
    "https://deno.land/x/lume@v2.2.3/core/utils/page_url.ts": "99da7e9e2b8ba0aebb4412ef7d4e1c89bc47ac4c59e34db4a9a4f4108812f4ca",
    "https://deno.land/x/lume@v2.2.3/core/utils/path.ts": "a7bae3ad1ff3c9d1d838b044c9d4d4a0410f657cde493f090241345429e833f2",
    "https://deno.land/x/lume@v2.2.3/core/utils/read.ts": "e096b1f37f8f0a6820e6ee00af1832d133598d55c961b226d057a5467207c5cd",
    "https://deno.land/x/lume@v2.2.3/core/watcher.ts": "2487018b7b860fec08194b6b46ca3793852e2bf72ac9479ef513624b085becdc",
    "https://deno.land/x/lume@v2.2.3/core/writer.ts": "381004fb3d7b1fc3791177d55ce7693d2e3ff34a19df20cc6b10e3b5a8bb07ec",
    "https://deno.land/x/lume@v2.2.3/deps/base64.ts": "b66df42ded91a51e66c328a526eed9ce4482f8d848019b7c2e704ac83aeea926",
    "https://deno.land/x/lume@v2.2.3/deps/cli.ts": "e34b3d46e76d008815e9304d47daa4cf1a46c19c392fab07ac645af21556a6e3",
    "https://deno.land/x/lume@v2.2.3/deps/cliffy.ts": "faff0c2ca187ec9fd1ad8660141f85b9d05b5c36bab25b40eb5038c02590a310",
    "https://deno.land/x/lume@v2.2.3/deps/colors.ts": "263ae89b3f4488bcd0c4994a67008c309b5bc51efdfd0a213576f4dfe2f3eeec",
    "https://deno.land/x/lume@v2.2.3/deps/crypto.ts": "557c0b4995bd3e0270586bde449b926815eb21678b04862b6b5ac51208094563",
    "https://deno.land/x/lume@v2.2.3/deps/date.ts": "fdd2d83d96ff02b486aca730e6fef1c687422c950ecc537c17775c758bd1851a",
    "https://deno.land/x/lume@v2.2.3/deps/dom.ts": "7f47d1462127c62ecc8571434fe55639a5a3936ecb8b38476cf560e2b1283da2",
    "https://deno.land/x/lume@v2.2.3/deps/front_matter.ts": "4f8e04bdc087178bb0e9d7bdf1bb16e96ed72eef6eb74b5fd607cb747ab2adc6",
    "https://deno.land/x/lume@v2.2.3/deps/fs.ts": "25931f53810dfa7780b9edecd8f47b88f7a8037377de78d7c1bd659d1d3de5e7",
    "https://deno.land/x/lume@v2.2.3/deps/hex.ts": "de032e37308bdd0f8455b5698131a64d1c32d7efe9932c0361a57850962e3cef",
    "https://deno.land/x/lume@v2.2.3/deps/highlight.ts": "2d96b5c1e5f2ccdae0811c3177dfcae7e845d2a5a2dda7aa385a04d090726fb3",
    "https://deno.land/x/lume@v2.2.3/deps/http.ts": "ed5acf3edccd6fed92572e40d4b8db5268722c760107283da0cdd78d9a462f68",
    "https://deno.land/x/lume@v2.2.3/deps/init.ts": "05d45af66ebdfe63e43540618f51ece8f99d98dc49de890f10eeb43abe9ed0f3",
    "https://deno.land/x/lume@v2.2.3/deps/jsonc.ts": "00f38fabf366ceb34cd7ad8764336b873d158b982e46db76dc3c3c2be3cba2bf",
    "https://deno.land/x/lume@v2.2.3/deps/log.ts": "a4252917a223e4f1bf16bd4b13bbafbaac5ba01c850badf7938709fbcf412e3a",
    "https://deno.land/x/lume@v2.2.3/deps/markdown_it.ts": "5da22a23e59f86bb7f0a0aa7c9cb9012a2444b8c3a0896d92a07492626a8c21f",
    "https://deno.land/x/lume@v2.2.3/deps/media_types.ts": "56314843dd720d912ae1937b5725735f3c0cb9a9662d16f88cb734fe1bf0e3d7",
    "https://deno.land/x/lume@v2.2.3/deps/minify_html.ts": "a42184735d1e2ecf429bde8581eeba29cb7d9803cab940509463af6925ff64c0",
    "https://deno.land/x/lume@v2.2.3/deps/pagefind.ts": "40b6146948b211a2d171121d8de808a69c57e004a354daba334f858dd95ceee0",
    "https://deno.land/x/lume@v2.2.3/deps/path.ts": "c4a37bd4d0533a1065a485ad1d5ddc5d71d1bb274806e3e1e7a81b9e634d5066",
    "https://deno.land/x/lume@v2.2.3/deps/prism.ts": "808c1b1131ec63f0ea20914e2035befa00946f84acb5a02e0c8358c193cd085c",
    "https://deno.land/x/lume@v2.2.3/deps/sass.ts": "f5046b274e9f95e825f7f9318359f9ae9a549518685cc2c7488fe45a02e69491",
    "https://deno.land/x/lume@v2.2.3/deps/temporal.ts": "1958b134c4186b0ab39316fa33ba19d1a4203e2ea445080429d60d296b91a552",
    "https://deno.land/x/lume@v2.2.3/deps/toml.ts": "e7ca77ce70c66d1f2678a98ab5870d7ec9b62fbeede81ef8dbef4f60f4988181",
    "https://deno.land/x/lume@v2.2.3/deps/vento.ts": "40fc315cb077bf4946e7213695fc5561ef83e78264d4e49e16c96bd6767decc4",
    "https://deno.land/x/lume@v2.2.3/deps/yaml.ts": "71d13bb27017f35e521be92ae8b32e17eec118c1141e88790bbc6516983b3692",
    "https://deno.land/x/lume@v2.2.3/middlewares/logger.ts": "84fb60e1631cd839053eaaba7b3b802eab7d320dfd1b940d982aa1ae5951a85c",
    "https://deno.land/x/lume@v2.2.3/middlewares/no_cache.ts": "c576ae2323c8b5657681721377c806672d5e1811d8cf35fba5efebc2645b37ae",
    "https://deno.land/x/lume@v2.2.3/middlewares/no_cors.ts": "9e0344efcc9a541e7b6845250d0a19101ce5762d6668710a38a28d550e1eeb42",
    "https://deno.land/x/lume@v2.2.3/middlewares/not_found.ts": "0fcd2da81a9573faf3f6f650f8e126ab5600bf0dd0b49b211303274b5d9afa4e",
    "https://deno.land/x/lume@v2.2.3/middlewares/reload.ts": "7f013ca1c55df8ce8ad2264bdb3cc2fd85a540cc86f9caf93e6983c2ea06b994",
    "https://deno.land/x/lume@v2.2.3/middlewares/reload_client.js": "34d75e01503fae8180796de882af42b1125fac88f22a010a99d5548de1ba7d72",
    "https://deno.land/x/lume@v2.2.3/mod.ts": "0f7afe1e73472bee8fb6dc21d616f9c055a1cffd3a3744f2005b8a6ccfbf8aed",
    "https://deno.land/x/lume@v2.2.3/plugins/code_highlight.ts": "086b45f6faeeeac4f1ee01c216e1ddb8750149a499633d9eb43988d7880aadf0",
    "https://deno.land/x/lume@v2.2.3/plugins/date.ts": "52c0928ad1e828ea3249af7d7f09eeca30b95d572967f31b97828fd419b7ff71",
    "https://deno.land/x/lume@v2.2.3/plugins/inline.ts": "8e7e1e83a0c1700d8306acab0bb4b30fbcfae0a84548271e4696bdbcc2c4d28f",
    "https://deno.land/x/lume@v2.2.3/plugins/json.ts": "f6429bbd865e3666ef3385fd205fcc92df02ca2c0f74f20baa5c0798a81e1642",
    "https://deno.land/x/lume@v2.2.3/plugins/markdown.ts": "b0f224dcffa0abeb30af178d7ec21f50515c2a7ccd42a3347aac3bea53c4ca27",
    "https://deno.land/x/lume@v2.2.3/plugins/minify_html.ts": "fe1bd66912400635f184758749a8962b21e8fae8b94fa47888cb515ffa07a7df",
    "https://deno.land/x/lume@v2.2.3/plugins/modules.ts": "19a66398a5494f506458e48b8443a7c4700b7577e8fcc0818c39b1d0530c8950",
    "https://deno.land/x/lume@v2.2.3/plugins/pagefind.ts": "8ee2846e5b4bfb85b4e9726d9196dd91d52c5ca63833dd6616f71cbdc4b43894",
    "https://deno.land/x/lume@v2.2.3/plugins/paginate.ts": "e86617ec1ad491c86bc4866db41f070a6b393e8c2ac94ed28a51ca309f88477d",
    "https://deno.land/x/lume@v2.2.3/plugins/prism.ts": "5be446c8b9df49e5d2f1d04a316872925cc2db7c4e531799b13e2801e2e8a656",
    "https://deno.land/x/lume@v2.2.3/plugins/sass.ts": "18f581816c99f6b187535f9cf069ce7a716c7114be422bdbc124c133bc71512b",
    "https://deno.land/x/lume@v2.2.3/plugins/search.ts": "8ec3a8f082b8ff1532bbe8f8bf76dfaa2d0feab7c2ec5c824d0ccc044c26f640",
    "https://deno.land/x/lume@v2.2.3/plugins/source_maps.ts": "48217e4adf236e51e11d973a257140de465dbd8fb2a78c6f26ed782c07a16279",
    "https://deno.land/x/lume@v2.2.3/plugins/toml.ts": "60191e1e8fd0922def0b3f0eaad13988217511571a54659481759db4b0ca4f82",
    "https://deno.land/x/lume@v2.2.3/plugins/url.ts": "3d298886cb16e1110d427d2f257de6c2ae0da3cd7076b6abcbbd41e7536ed094",
    "https://deno.land/x/lume@v2.2.3/plugins/vento.ts": "d230dad29f9dab5302541c1d9b40c818d1e80c2bdbaf0d6d955f6b105373ffa8",
    "https://deno.land/x/lume@v2.2.3/plugins/yaml.ts": "21b1604304240d4de42b2ba0fcfd81b8330fcff8b365a1ee4ff164de6ef3de75",
    "https://deno.land/x/lume@v2.2.3/types.ts": "516bec311f10083c5b1d8109e8afd17f02b49cc62c45dca53706f286cb855dba",
    "https://deno.land/x/lume_markdown_plugins@v0.7.0/image.ts": "49df6ee0755a69f8dc847dbcac85de312d56ce2d76041ccbec9f43e5cc4c6046",
    "https://deno.land/x/lume_markdown_plugins@v0.7.0/image/mod.ts": "5fdf56123cdbe70a6d72a5e84d17d5ebd765f609bdd0a6054d3904231388218b",
    "https://deno.land/x/vento@v0.12.8/deps.ts": "5eb265b5bcee0e5fbe0864b796cdb044ed1f83ef67e8a5cef06f5b1f73bf1b4a",
    "https://deno.land/x/vento@v0.12.8/mod.ts": "296c9cc4253c1b88a94fc630a05d9a12947a908966f2db43968141f1c282a7d6",
    "https://deno.land/x/vento@v0.12.8/plugins/echo.ts": "0c9de6b508ebf79908ecdaf406757bf0a86ab960bf527a51c6523445fc2d66d2",
    "https://deno.land/x/vento@v0.12.8/plugins/escape.ts": "22754819f9a8437ecb4de0df1d3513c5b92fd6be74274d344d9750811030b181",
    "https://deno.land/x/vento@v0.12.8/plugins/export.ts": "4cda1bd2d7e28e6d23382a64a6d72e7340bef07fcbc32f604a4705c148b914f1",
    "https://deno.land/x/vento@v0.12.8/plugins/for.ts": "d79b7ed3414bc0a70430c95ed2795eb16d898dd2ccf6b40792f2333f1f272fcd",
    "https://deno.land/x/vento@v0.12.8/plugins/function.ts": "24c33bf586844ff8940daac2535dcae7f5ce39b443e795ebf16a2c23694850bf",
    "https://deno.land/x/vento@v0.12.8/plugins/if.ts": "f992b1f599be11eafaa15bf607eee467ffd4276dec145d7b73cd24c0c6920631",
    "https://deno.land/x/vento@v0.12.8/plugins/import.ts": "c36710067e1ea4074097b139c95d001fc1a2e759e05f1346da068405657924b4",
    "https://deno.land/x/vento@v0.12.8/plugins/include.ts": "d93d330d3df25a5cfcc34e85c3e6685214280792f3242064e50c94748acfb1f4",
    "https://deno.land/x/vento@v0.12.8/plugins/js.ts": "68d78ef2fc7a981d1f124f2f91830135ad46fcbd4dde7d5464cb5103c9293a5e",
    "https://deno.land/x/vento@v0.12.8/plugins/layout.ts": "da84978f0639e95e472edddc2f9837757c28113a04dbe67399087c3a4d14780e",
    "https://deno.land/x/vento@v0.12.8/plugins/set.ts": "8e0868ef63cbb005f1dc6541cfb2f7b905426237aad1e509f5b724d58975de4a",
    "https://deno.land/x/vento@v0.12.8/plugins/trim.ts": "93bce5e32aac9fd1dc4e7acf0278438d710cd1f61f80ce3af719a06cca7f2e3d",
    "https://deno.land/x/vento@v0.12.8/plugins/unescape.ts": "dd2d9dbd116b68004f11ab17c9daaf9378ee14300c2d0ec8f422df09d41462ba",
    "https://deno.land/x/vento@v0.12.8/src/environment.ts": "258abc7d7e303edec31ab449dc4948b462c3ceb7c9559a6a389cc845570eafc5",
    "https://deno.land/x/vento@v0.12.8/src/js.ts": "c4ac5e2b2cd2995523d3167c5708c424686fd30d2d3951ff965a76dbdfb74e37",
    "https://deno.land/x/vento@v0.12.8/src/loader.ts": "eb01b0dca7ea8bcdcdfd30b1f90f2fad28fb7f2cfd943900322a85bfaa86130c",
    "https://deno.land/x/vento@v0.12.8/src/tokenizer.ts": "e7830fbc644a3b30cf852d0685f9797e4826ad399a3e0277beebce577b54934c",
    "https://deno.land/x/vento@v0.12.8/src/transformer.ts": "587a0b107a2bd1437a3093c4c44c07e4fdf3abfaaf8e845767b69bd34a039154",
    "https://wilsonl.in/minify-html/deno/0.15.0/index.js": "8e7ee5067ca84fb5d5a1f33118cac4998de0b7d80b3f56cc5c6728b84e6bfb70"
  }
}
